
Microsoft Visual Studio Solution File, Format Version 12.00
# Visual Studio Version 17
VisualStudioVersion = 17.11.35327.3
MinimumVisualStudioVersion = 10.0.40219.1
Project("{FAE04EC0-301F-11D3-BF4B-00C04F79EFBC}") = "arreglos", "arreglos\arreglos.csproj", "{776DF5A7-2D29-4073-80A0-0E0A5A733B88}"
EndProject
Global
	GlobalSection(SolutionConfigurationPlatforms) = preSolution
		Debug|Any CPU = Debug|Any CPU
		Release|Any CPU = Release|Any CPU
	EndGlobalSection
	GlobalSection(ProjectConfigurationPlatforms) = postSolution
		{776DF5A7-2D29-4073-80A0-0E0A5A733B88}.Debug|Any CPU.ActiveCfg = Debug|Any CPU
		{776DF5A7-2D29-4073-80A0-0E0A5A733B88}.Debug|Any CPU.Build.0 = Debug|Any CPU
		{776DF5A7-2D29-4073-80A0-0E0A5A733B88}.Release|Any CPU.ActiveCfg = Release|Any CPU
		{776DF5A7-2D29-4073-80A0-0E0A5A733B88}.Release|Any CPU.Build.0 = Release|Any CPU
	EndGlobalSection
	GlobalSection(SolutionProperties) = preSolution
		HideSolutionNode = FALSE
	EndGlobalSection
	GlobalSection(ExtensibilityGlobals) = postSolution
		SolutionGuid = {29EC0530-FB85-4802-877B-37F4B5CA3B01}
	EndGlobalSection
EndGlobal
